
Microsoft Visual Studio Solution File, Format Version 12.00
# Visual Studio Version 17
VisualStudioVersion = 17.8.0.0
MinimumVisualStudioVersion = 17.8.0.0
Project("{9A19103F-16F7-4668-BE54-9A1E7A4F7556}") = "SeattleHotelAgent.Hosted.AppHost", "SeattleHotelAgent.Hosted.AppHost\SeattleHotelAgent.Hosted.AppHost.csproj", "{36101932-F5FC-4AFA-98BE-C8A10EA652D5}"
EndProject
Project("{9A19103F-16F7-4668-BE54-9A1E7A4F7556}") = "SeattleHotelAgent.Hosted.ServiceDefaults", "SeattleHotelAgent.Hosted.ServiceDefaults\SeattleHotelAgent.Hosted.ServiceDefaults.csproj", "{D721F3B8-FF4E-4FC8-ACF4-3A94A3470EE4}"
EndProject
Project("{FAE04EC0-301F-11D3-BF4B-00C04F79EFBC}") = "SeattleHotelAgent.Hosted.Agent", "SeattleHotelAgent.Hosted.Agent\SeattleHotelAgent.Hosted.Agent.csproj", "{59E90677-EA57-47BD-836E-16C63A51A5C9}"
EndProject
Global
	GlobalSection(SolutionConfigurationPlatforms) = preSolution
		Debug|Any CPU = Debug|Any CPU
		Debug|x64 = Debug|x64
		Debug|x86 = Debug|x86
		Release|Any CPU = Release|Any CPU
		Release|x64 = Release|x64
		Release|x86 = Release|x86
	EndGlobalSection
	GlobalSection(ProjectConfigurationPlatforms) = postSolution
		{36101932-F5FC-4AFA-98BE-C8A10EA652D5}.Debug|Any CPU.ActiveCfg = Debug|Any CPU
		{36101932-F5FC-4AFA-98BE-C8A10EA652D5}.Debug|Any CPU.Build.0 = Debug|Any CPU
		{36101932-F5FC-4AFA-98BE-C8A10EA652D5}.Debug|x64.ActiveCfg = Debug|Any CPU
		{36101932-F5FC-4AFA-98BE-C8A10EA652D5}.Debug|x64.Build.0 = Debug|Any CPU
		{36101932-F5FC-4AFA-98BE-C8A10EA652D5}.Debug|x86.ActiveCfg = Debug|Any CPU
		{36101932-F5FC-4AFA-98BE-C8A10EA652D5}.Debug|x86.Build.0 = Debug|Any CPU
		{36101932-F5FC-4AFA-98BE-C8A10EA652D5}.Release|Any CPU.ActiveCfg = Release|Any CPU
		{36101932-F5FC-4AFA-98BE-C8A10EA652D5}.Release|Any CPU.Build.0 = Release|Any CPU
		{36101932-F5FC-4AFA-98BE-C8A10EA652D5}.Release|x64.ActiveCfg = Release|Any CPU
		{36101932-F5FC-4AFA-98BE-C8A10EA652D5}.Release|x64.Build.0 = Release|Any CPU
		{36101932-F5FC-4AFA-98BE-C8A10EA652D5}.Release|x86.ActiveCfg = Release|Any CPU
		{36101932-F5FC-4AFA-98BE-C8A10EA652D5}.Release|x86.Build.0 = Release|Any CPU
		{D721F3B8-FF4E-4FC8-ACF4-3A94A3470EE4}.Debug|Any CPU.ActiveCfg = Debug|Any CPU
		{D721F3B8-FF4E-4FC8-ACF4-3A94A3470EE4}.Debug|Any CPU.Build.0 = Debug|Any CPU
		{D721F3B8-FF4E-4FC8-ACF4-3A94A3470EE4}.Debug|x64.ActiveCfg = Debug|Any CPU
		{D721F3B8-FF4E-4FC8-ACF4-3A94A3470EE4}.Debug|x64.Build.0 = Debug|Any CPU
		{D721F3B8-FF4E-4FC8-ACF4-3A94A3470EE4}.Debug|x86.ActiveCfg = Debug|Any CPU
		{D721F3B8-FF4E-4FC8-ACF4-3A94A3470EE4}.Debug|x86.Build.0 = Debug|Any CPU
		{D721F3B8-FF4E-4FC8-ACF4-3A94A3470EE4}.Release|Any CPU.ActiveCfg = Release|Any CPU
		{D721F3B8-FF4E-4FC8-ACF4-3A94A3470EE4}.Release|Any CPU.Build.0 = Release|Any CPU
		{D721F3B8-FF4E-4FC8-ACF4-3A94A3470EE4}.Release|x64.ActiveCfg = Release|Any CPU
		{D721F3B8-FF4E-4FC8-ACF4-3A94A3470EE4}.Release|x64.Build.0 = Release|Any CPU
		{D721F3B8-FF4E-4FC8-ACF4-3A94A3470EE4}.Release|x86.ActiveCfg = Release|Any CPU
		{D721F3B8-FF4E-4FC8-ACF4-3A94A3470EE4}.Release|x86.Build.0 = Release|Any CPU
		{59E90677-EA57-47BD-836E-16C63A51A5C9}.Debug|Any CPU.ActiveCfg = Debug|Any CPU
		{59E90677-EA57-47BD-836E-16C63A51A5C9}.Debug|Any CPU.Build.0 = Debug|Any CPU
		{59E90677-EA57-47BD-836E-16C63A51A5C9}.Debug|x64.ActiveCfg = Debug|Any CPU
		{59E90677-EA57-47BD-836E-16C63A51A5C9}.Debug|x64.Build.0 = Debug|Any CPU
		{59E90677-EA57-47BD-836E-16C63A51A5C9}.Debug|x86.ActiveCfg = Debug|Any CPU
		{59E90677-EA57-47BD-836E-16C63A51A5C9}.Debug|x86.Build.0 = Debug|Any CPU
		{59E90677-EA57-47BD-836E-16C63A51A5C9}.Release|Any CPU.ActiveCfg = Release|Any CPU
		{59E90677-EA57-47BD-836E-16C63A51A5C9}.Release|Any CPU.Build.0 = Release|Any CPU
		{59E90677-EA57-47BD-836E-16C63A51A5C9}.Release|x64.ActiveCfg = Release|Any CPU
		{59E90677-EA57-47BD-836E-16C63A51A5C9}.Release|x64.Build.0 = Release|Any CPU
		{59E90677-EA57-47BD-836E-16C63A51A5C9}.Release|x86.ActiveCfg = Release|Any CPU
		{59E90677-EA57-47BD-836E-16C63A51A5C9}.Release|x86.Build.0 = Release|Any CPU
	EndGlobalSection
	GlobalSection(SolutionProperties) = preSolution
		HideSolutionNode = FALSE
	EndGlobalSection
	GlobalSection(ExtensibilityGlobals) = postSolution
		SolutionGuid = {0BD91251-AAB9-4026-B660-8CAD47E49CF7}
	EndGlobalSection
EndGlobal
